<?xml version="1.0" encoding="utf-8"?>
<Project xmlns="http://schemas.microsoft.com/developer/msbuild/2003" ToolsVersion="4.0">
  <ItemGroup Label="Filters">
    <Filter Include="Source Files">
      <Extensions>cpp;c;cc;cxx;def;odl;idl;hpj;bat;asm;asmx</Extensions>
    </Filter>
    <Filter Include="Header Files">
      <Extensions>h;hpp;hxx;hm;inl;inc;xsd</Extensions>
    </Filter>
    <Filter Include="Resource Files">
      <Extensions>rc;ico;cur;bmp;dlg;rc2;rct;bin;rgs;gif;jpg;jpeg;jpe;resx;tiff;tif;png;wav</Extensions>
    </Filter>
  </ItemGroup>
  <ItemGroup Label="Sources">
    <ClCompile Include="build.gradle">
      <Filter>Source Files</Filter>
    </ClCompile>
    <ClCompile Include="src\driver\cpp\DriverBase.cpp">
      <Filter>Source Files</Filter>
    </ClCompile>
    <ClCompile Include="src\driver\cpp\DriverSetup.cpp">
      <Filter>Source Files</Filter>
    </ClCompile>
    <ClCompile Include="src\driver\cpp\Library.cpp">
      <Filter>Source Files</Filter>
    </ClCompile>
    <ClCompile Include="src\driver\cpp\OdbcIniKeys.cpp">
      <Filter>Source Files</Filter>
    </ClCompile>
    <ClCompile Include="src\driver\cpp\SnappyConnection.cpp">
      <Filter>Source Files</Filter>
    </ClCompile>
    <ClCompile Include="src\driver\cpp\SnappyDefaults.cpp">
      <Filter>Source Files</Filter>
    </ClCompile>
    <ClCompile Include="src\driver\cpp\SnappyDescriptor.cpp">
      <Filter>Source Files</Filter>
    </ClCompile>
    <ClCompile Include="src\driver\cpp\SnappyDriverAPIs.cpp">
      <Filter>Source Files</Filter>
    </ClCompile>
    <ClCompile Include="src\driver\cpp\SnappyEnvironment.cpp">
      <Filter>Source Files</Filter>
    </ClCompile>
    <ClCompile Include="src\driver\cpp\SnappyStatement.cpp">
      <Filter>Source Files</Filter>
    </ClCompile>
    <ClCompile Include="src\driver\cpp\StringFunctions.cpp">
      <Filter>Source Files</Filter>
    </ClCompile>
  </ItemGroup>
  <ItemGroup Label="Headers">
    <ClInclude Include="src\driver\cpp\ArrayIterator.h">
      <Filter>Header Files</Filter>
    </ClInclude>
    <ClInclude Include="src\driver\cpp\ConnStringPropertyReader.h">
      <Filter>Header Files</Filter>
    </ClInclude>
    <ClInclude Include="src\driver\cpp\DriverBase.h">
      <Filter>Header Files</Filter>
    </ClInclude>
    <ClInclude Include="src\driver\cpp\IniPropertyReader.h">
      <Filter>Header Files</Filter>
    </ClInclude>
    <ClInclude Include="src\driver\cpp\Library.h">
      <Filter>Header Files</Filter>
    </ClInclude>
    <ClInclude Include="src\driver\cpp\OdbcBase.h">
      <Filter>Header Files</Filter>
    </ClInclude>
    <ClInclude Include="src\driver\cpp\OdbcIniKeys.h">
      <Filter>Header Files</Filter>
    </ClInclude>
    <ClInclude Include="src\driver\cpp\PropertyReader.h">
      <Filter>Header Files</Filter>
    </ClInclude>
    <ClInclude Include="src\driver\cpp\SnappyConnection.h">
      <Filter>Header Files</Filter>
    </ClInclude>
    <ClInclude Include="src\driver\cpp\SnappyDefaults.h">
      <Filter>Header Files</Filter>
    </ClInclude>
    <ClInclude Include="src\driver\cpp\SnappyDescriptor.h">
      <Filter>Header Files</Filter>
    </ClInclude>
    <ClInclude Include="src\driver\cpp\SnappyEnvironment.h">
      <Filter>Header Files</Filter>
    </ClInclude>
    <ClInclude Include="src\driver\cpp\SnappyStatement.h">
      <Filter>Header Files</Filter>
    </ClInclude>
    <ClInclude Include="src\driver\cpp\StringFunctions.h">
      <Filter>Header Files</Filter>
    </ClInclude>
  </ItemGroup>
  <ItemGroup>
    <None Include=".clang-format" />
    <None Include="README.md" />
    <None Include="docs\Building.md" />
  </ItemGroup>
</Project>